
Microsoft Visual Studio Solution File, Format Version 12.00
# Visual Studio Version 17
VisualStudioVersion = 17.6.33815.320
MinimumVisualStudioVersion = 10.0.40219.1
Project("{9A19103F-16F7-4668-BE54-9A1E7A4F7556}") = "DTOs", "DTOs\DTOs.csproj", "{970F50E5-96B4-421F-8F30-B6AB4CB66C93}"
EndProject
Project("{2150E333-8FDC-42A3-9474-1A3956D46DE8}") = "0-DTOs", "0-DTOs", "{C4D08D0D-22C4-4B0C-80EF-259F9D9126B3}"
EndProject
Project("{2150E333-8FDC-42A3-9474-1A3956D46DE8}") = "1-DataAccess", "1-DataAccess", "{5D214818-AC6F-4068-8C29-114418E6BD05}"
EndProject
Project("{9A19103F-16F7-4668-BE54-9A1E7A4F7556}") = "DataAccess", "DataAccess\DataAccess.csproj", "{C72A0577-8698-4525-ABEE-85A83C4EDE07}"
EndProject
Project("{2150E333-8FDC-42A3-9474-1A3956D46DE8}") = "2-Core", "2-Core", "{000DCD8E-51F8-4E10-9384-543590CCB631}"
EndProject
Project("{2150E333-8FDC-42A3-9474-1A3956D46DE8}") = "3-WebApi", "3-WebApi", "{09CCD754-6752-421E-8435-B321D6307408}"
EndProject
Project("{2150E333-8FDC-42A3-9474-1A3956D46DE8}") = "4-WebApp", "4-WebApp", "{356428D2-0C2E-4397-B8B9-7F9D4E5D0313}"
EndProject
Project("{9A19103F-16F7-4668-BE54-9A1E7A4F7556}") = "Core", "Core\Core.csproj", "{9452E384-E2C5-4BDD-A72A-E4B545842C7F}"
EndProject
Project("{9A19103F-16F7-4668-BE54-9A1E7A4F7556}") = "WebApi", "WebApi\WebApi.csproj", "{C859C5AD-F018-4FBC-AE6C-B295AD7FABF0}"
EndProject
Project("{9A19103F-16F7-4668-BE54-9A1E7A4F7556}") = "WebApp", "WebApp\WebApp.csproj", "{CDBB9ACF-2B31-4A58-9C96-383B2D5B5CCF}"
EndProject
Global
	GlobalSection(SolutionConfigurationPlatforms) = preSolution
		Debug|Any CPU = Debug|Any CPU
		Release|Any CPU = Release|Any CPU
	EndGlobalSection
	GlobalSection(ProjectConfigurationPlatforms) = postSolution
		{970F50E5-96B4-421F-8F30-B6AB4CB66C93}.Debug|Any CPU.ActiveCfg = Debug|Any CPU
		{970F50E5-96B4-421F-8F30-B6AB4CB66C93}.Debug|Any CPU.Build.0 = Debug|Any CPU
		{970F50E5-96B4-421F-8F30-B6AB4CB66C93}.Release|Any CPU.ActiveCfg = Release|Any CPU
		{970F50E5-96B4-421F-8F30-B6AB4CB66C93}.Release|Any CPU.Build.0 = Release|Any CPU
		{C72A0577-8698-4525-ABEE-85A83C4EDE07}.Debug|Any CPU.ActiveCfg = Debug|Any CPU
		{C72A0577-8698-4525-ABEE-85A83C4EDE07}.Debug|Any CPU.Build.0 = Debug|Any CPU
		{C72A0577-8698-4525-ABEE-85A83C4EDE07}.Release|Any CPU.ActiveCfg = Release|Any CPU
		{C72A0577-8698-4525-ABEE-85A83C4EDE07}.Release|Any CPU.Build.0 = Release|Any CPU
		{9452E384-E2C5-4BDD-A72A-E4B545842C7F}.Debug|Any CPU.ActiveCfg = Debug|Any CPU
		{9452E384-E2C5-4BDD-A72A-E4B545842C7F}.Debug|Any CPU.Build.0 = Debug|Any CPU
		{9452E384-E2C5-4BDD-A72A-E4B545842C7F}.Release|Any CPU.ActiveCfg = Release|Any CPU
		{9452E384-E2C5-4BDD-A72A-E4B545842C7F}.Release|Any CPU.Build.0 = Release|Any CPU
		{C859C5AD-F018-4FBC-AE6C-B295AD7FABF0}.Debug|Any CPU.ActiveCfg = Debug|Any CPU
		{C859C5AD-F018-4FBC-AE6C-B295AD7FABF0}.Debug|Any CPU.Build.0 = Debug|Any CPU
		{C859C5AD-F018-4FBC-AE6C-B295AD7FABF0}.Release|Any CPU.ActiveCfg = Release|Any CPU
		{C859C5AD-F018-4FBC-AE6C-B295AD7FABF0}.Release|Any CPU.Build.0 = Release|Any CPU
		{CDBB9ACF-2B31-4A58-9C96-383B2D5B5CCF}.Debug|Any CPU.ActiveCfg = Debug|Any CPU
		{CDBB9ACF-2B31-4A58-9C96-383B2D5B5CCF}.Debug|Any CPU.Build.0 = Debug|Any CPU
		{CDBB9ACF-2B31-4A58-9C96-383B2D5B5CCF}.Release|Any CPU.ActiveCfg = Release|Any CPU
		{CDBB9ACF-2B31-4A58-9C96-383B2D5B5CCF}.Release|Any CPU.Build.0 = Release|Any CPU
	EndGlobalSection
	GlobalSection(SolutionProperties) = preSolution
		HideSolutionNode = FALSE
	EndGlobalSection
	GlobalSection(NestedProjects) = preSolution
		{970F50E5-96B4-421F-8F30-B6AB4CB66C93} = {C4D08D0D-22C4-4B0C-80EF-259F9D9126B3}
		{C72A0577-8698-4525-ABEE-85A83C4EDE07} = {5D214818-AC6F-4068-8C29-114418E6BD05}
		{9452E384-E2C5-4BDD-A72A-E4B545842C7F} = {000DCD8E-51F8-4E10-9384-543590CCB631}
		{C859C5AD-F018-4FBC-AE6C-B295AD7FABF0} = {09CCD754-6752-421E-8435-B321D6307408}
		{CDBB9ACF-2B31-4A58-9C96-383B2D5B5CCF} = {356428D2-0C2E-4397-B8B9-7F9D4E5D0313}
	EndGlobalSection
	GlobalSection(ExtensibilityGlobals) = postSolution
		SolutionGuid = {4BBA3F6E-B352-40DD-8D18-DEE65AFBB366}
	EndGlobalSection
EndGlobal
