
Microsoft Visual Studio Solution File, Format Version 12.00
# Visual Studio Version 17
VisualStudioVersion = 17.6.33815.320
MinimumVisualStudioVersion = 10.0.40219.1
Project("{FAE04EC0-301F-11D3-BF4B-00C04F79EFBC}") = "DTOs", "DTOs\DTOs.csproj", "{970F50E5-96B4-421F-8F30-B6AB4CB66C93}"
EndProject
Global
	GlobalSection(SolutionConfigurationPlatforms) = preSolution
		Debug|Any CPU = Debug|Any CPU
		Release|Any CPU = Release|Any CPU
	EndGlobalSection
	GlobalSection(ProjectConfigurationPlatforms) = postSolution
		{970F50E5-96B4-421F-8F30-B6AB4CB66C93}.Debug|Any CPU.ActiveCfg = Debug|Any CPU
		{970F50E5-96B4-421F-8F30-B6AB4CB66C93}.Debug|Any CPU.Build.0 = Debug|Any CPU
		{970F50E5-96B4-421F-8F30-B6AB4CB66C93}.Release|Any CPU.ActiveCfg = Release|Any CPU
		{970F50E5-96B4-421F-8F30-B6AB4CB66C93}.Release|Any CPU.Build.0 = Release|Any CPU
	EndGlobalSection
	GlobalSection(SolutionProperties) = preSolution
		HideSolutionNode = FALSE
	EndGlobalSection
	GlobalSection(ExtensibilityGlobals) = postSolution
		SolutionGuid = {4BBA3F6E-B352-40DD-8D18-DEE65AFBB366}
	EndGlobalSection
EndGlobal
